
Microsoft Visual Studio Solution File, Format Version 12.00
# Visual Studio Version 16
VisualStudioVersion = 16.0.31129.286
MinimumVisualStudioVersion = 10.0.40219.1
Project("{FAE04EC0-301F-11D3-BF4B-00C04F79EFBC}") = "MeslekDagilimlari", "MeslekDagilimlari\MeslekDagilimlari.csproj", "{659F3BA1-D94C-493F-97A6-B55A3E49DF9B}"
EndProject
Global
	GlobalSection(SolutionConfigurationPlatforms) = preSolution
		Debug|Any CPU = Debug|Any CPU
		Release|Any CPU = Release|Any CPU
	EndGlobalSection
	GlobalSection(ProjectConfigurationPlatforms) = postSolution
		{659F3BA1-D94C-493F-97A6-B55A3E49DF9B}.Debug|Any CPU.ActiveCfg = Debug|Any CPU
		{659F3BA1-D94C-493F-97A6-B55A3E49DF9B}.Debug|Any CPU.Build.0 = Debug|Any CPU
		{659F3BA1-D94C-493F-97A6-B55A3E49DF9B}.Release|Any CPU.ActiveCfg = Release|Any CPU
		{659F3BA1-D94C-493F-97A6-B55A3E49DF9B}.Release|Any CPU.Build.0 = Release|Any CPU
	EndGlobalSection
	GlobalSection(SolutionProperties) = preSolution
		HideSolutionNode = FALSE
	EndGlobalSection
	GlobalSection(ExtensibilityGlobals) = postSolution
		SolutionGuid = {AFF3A828-E293-4F03-81B4-35383B5B53C1}
	EndGlobalSection
EndGlobal
